{
    "version": 3,
    "terraform_version": "0.11.13",
    "serial": 6,
    "lineage": "cc7d60c6-bf66-884e-eb87-f5eea852eb22",
    "modules": [
        {
            "path": [
                "root"
            ],
            "outputs": {},
            "resources": {
                "data.ibm_compute_ssh_key.ssh_key": {
                    "type": "ibm_compute_ssh_key",
                    "depends_on": [],
                    "primary": {
                        "id": "1407027",
                        "attributes": {
                            "fingerprint": "4d:b3:e4:6f:74:18:f0:72:5e:3c:76:d8:b1:82:14:ac",
                            "id": "1407027",
                            "label": "aamir_ssh",
                            "most_recent": "false",
                            "notes": "key for mark 1 Aamir",
                            "public_key": "ssh-rsa AAAAB3NzaC1yc2EAAAABIwAAAQEAp1Fl40esMFkq653kgFppBE4YKsxmIIWPzVfwbhGFSWNWfkifupGVLkx+4TEHJ51U40VJOqpc9k9RYXcuIkGaoEu7M//TxVYiwlsXJShwx9X1/0R95atx8wTiAu5UcdoB8WSZkAO3kD5imwZl3523o/uP1nbtoHlE8eqzq1DPMDoyTeCesbyBNrneVX98O5uly1w3hQJSPM2CED1PCFVTWGhEIgqZjEcbgkStGyVzRwoOUta+iqX3ZkXqQ9Ufsk8bq7cMrhP3ubXCJ2maFpoS9NAAq8wuwerjsbj4UeRk4qXDVRp8OH08w8g6auxvWExjSpE6UOYSVNntt6F46Ig7Dw== root@aamir.localhost"
                        },
                        "meta": {},
                        "tainted": false
                    },
                    "deposed": [],
                    "provider": "provider.ibm"
                },
                "data.template_file.httpd_play": {
                    "type": "template_file",
                    "depends_on": [
                        "ibm_compute_vm_instance.ibmcloud_terraform.*"
                    ],
                    "primary": {
                        "id": "6029d50e77f77300a45fabf8253664a1a6bd454c6fd32b55833a77d3bd15c164",
                        "attributes": {
                            "id": "6029d50e77f77300a45fabf8253664a1a6bd454c6fd32b55833a77d3bd15c164",
                            "rendered": "- hosts: ibmcloud.tfhttpd0\r\n  tasks:\r\n  - name: install the latest version of Apache\r\n    yum:\r\n      name: httpd\r\n      state: latest\r\n\r\n  - name: \r\n    service:\r\n      name: httpd\r\n      state: started \r\n      \r\n  - name: install libselinux-python to enable ability to copy\r\n    yum:\r\n      name: libselinux-python\r\n      state: present  \r\n\r\n  - name: example copying file with owner and permissions\r\n    copy:\r\n      src: /home/terraform_proj/terra_test/vsiHttp/httpdfiles/index.html\r\n      dest: /var/www/html\r\n      owner: root\r\n      group: root\r\n      mode: 0644",
                            "template": "- hosts: ${vmHostname}\r\n  tasks:\r\n  - name: install the latest version of Apache\r\n    yum:\r\n      name: httpd\r\n      state: latest\r\n\r\n  - name: \r\n    service:\r\n      name: httpd\r\n      state: started \r\n      \r\n  - name: install libselinux-python to enable ability to copy\r\n    yum:\r\n      name: libselinux-python\r\n      state: present  \r\n\r\n  - name: example copying file with owner and permissions\r\n    copy:\r\n      src: /home/terraform_proj/terra_test/vsiHttp/httpdfiles/index.html\r\n      dest: /var/www/html\r\n      owner: root\r\n      group: root\r\n      mode: 0644",
                            "vars.%": "1",
                            "vars.vmHostname": "ibmcloud.tfhttpd0"
                        },
                        "meta": {},
                        "tainted": false
                    },
                    "deposed": [],
                    "provider": "provider.template"
                },
                "data.template_file.vm_httpdServer": {
                    "type": "template_file",
                    "depends_on": [
                        "ibm_compute_vm_instance.ibmcloud_terraform.*"
                    ],
                    "primary": {
                        "id": "67a9b8539a4bf3b644937dbda34e5db30314a5bc989623304c4c5c2a5a77e4d7",
                        "attributes": {
                            "id": "67a9b8539a4bf3b644937dbda34e5db30314a5bc989623304c4c5c2a5a77e4d7",
                            "rendered": "[httpd-serv]\nibmcloud.tfhttpd0  ansible_host=169.61.178.120 \n",
                            "template": "[httpd-serv]\n${vmHostname}  ansible_host=${myip} \n",
                            "vars.%": "2",
                            "vars.myip": "169.61.178.120",
                            "vars.vmHostname": "ibmcloud.tfhttpd0"
                        },
                        "meta": {},
                        "tainted": false
                    },
                    "deposed": [],
                    "provider": "provider.template"
                },
                "ibm_compute_vm_instance.ibmcloud_terraform": {
                    "type": "ibm_compute_vm_instance",
                    "depends_on": [
                        "data.ibm_compute_ssh_key.ssh_key",
                        "ibm_network_vlan.httpd_vlan"
                    ],
                    "primary": {
                        "id": "89123638",
                        "attributes": {
                            "block_storage_ids.#": "0",
                            "cores": "2",
                            "datacenter": "dal12",
                            "dedicated_acct_host_only": "false",
                            "disks.#": "1",
                            "disks.0": "25",
                            "domain": "cdetest.com",
                            "file_storage_ids.#": "0",
                            "hostname": "ibmcloud.tfhttpd0",
                            "hourly_billing": "true",
                            "id": "89123638",
                            "ip_address_id": "131423393",
                            "ip_address_id_private": "139421384",
                            "ipv4_address": "169.61.178.120",
                            "ipv4_address_private": "10.74.197.120",
                            "ipv6_enabled": "false",
                            "ipv6_static_enabled": "false",
                            "local_disk": "true",
                            "memory": "1024",
                            "network_speed": "100",
                            "notes": "",
                            "os_reference_code": "CENTOS_6_64",
                            "private_interface_id": "56549652",
                            "private_network_only": "false",
                            "private_security_group_ids.#": "0",
                            "private_subnet": "10.74.197.64/26",
                            "private_subnet_id": "2155621",
                            "private_vlan_id": "2699858",
                            "public_bandwidth_unlimited": "false",
                            "public_interface_id": "56549650",
                            "public_security_group_ids.#": "0",
                            "public_subnet": "169.61.178.112/28",
                            "public_subnet_id": "2048539",
                            "public_vlan_id": "2603445",
                            "secondary_ip_addresses.#": "0",
                            "ssh_key_ids.#": "1",
                            "ssh_key_ids.1407027": "1407027",
                            "transient": "false",
                            "wait_time_minutes": "90"
                        },
                        "meta": {},
                        "tainted": false
                    },
                    "deposed": [],
                    "provider": "provider.ibm"
                },
                "ibm_network_vlan.httpd_vlan": {
                    "type": "ibm_network_vlan",
                    "depends_on": [],
                    "primary": {
                        "id": "2699858",
                        "attributes": {
                            "child_resource_count": "0",
                            "datacenter": "dal12",
                            "id": "2699858",
                            "name": "tf-ibmcloud-httpd",
                            "router_hostname": "bcr02a.dal12",
                            "softlayer_managed": "false",
                            "subnets.#": "0",
                            "tags.#": "2",
                            "tags.1651584327": "mesos-master",
                            "tags.581532331": "collectd",
                            "type": "PRIVATE",
                            "vlan_number": "2383"
                        },
                        "meta": {
                            "e2bfb730-ecaa-11e6-8f88-34363bc7c4c0": {
                                "delete": 600000000000
                            }
                        },
                        "tainted": false
                    },
                    "deposed": [],
                    "provider": "provider.ibm"
                },
                "local_file.httpd_play": {
                    "type": "local_file",
                    "depends_on": [
                        "data.template_file.httpd_play.*"
                    ],
                    "primary": {
                        "id": "7d2fbeb62d5b7e6a1798b4eb9d5d4d88b5011a7d",
                        "attributes": {
                            "content": "- hosts: ibmcloud.tfhttpd0\r\n  tasks:\r\n  - name: install the latest version of Apache\r\n    yum:\r\n      name: httpd\r\n      state: latest\r\n\r\n  - name: \r\n    service:\r\n      name: httpd\r\n      state: started \r\n      \r\n  - name: install libselinux-python to enable ability to copy\r\n    yum:\r\n      name: libselinux-python\r\n      state: present  \r\n\r\n  - name: example copying file with owner and permissions\r\n    copy:\r\n      src: /home/terraform_proj/terra_test/vsiHttp/httpdfiles/index.html\r\n      dest: /var/www/html\r\n      owner: root\r\n      group: root\r\n      mode: 0644\n",
                            "filename": "/home/terraform_proj/terra_test/vsiHttpd/tmp_playbooks/ansiblebook0",
                            "id": "7d2fbeb62d5b7e6a1798b4eb9d5d4d88b5011a7d"
                        },
                        "meta": {},
                        "tainted": false
                    },
                    "deposed": [],
                    "provider": "provider.local"
                },
                "local_file.vm_httpdServer": {
                    "type": "local_file",
                    "depends_on": [
                        "data.template_file.vm_httpdServer.*"
                    ],
                    "primary": {
                        "id": "7d2a8187d489f78746f6ea9103f0a6f04704520c",
                        "attributes": {
                            "content": "[httpd-serv]\nibmcloud.tfhttpd0  ansible_host=169.61.178.120 \n\n",
                            "filename": "/home/terraform_proj/terra_test/vsiHttpd/tmp_hosts/httpdServer0",
                            "id": "7d2a8187d489f78746f6ea9103f0a6f04704520c"
                        },
                        "meta": {},
                        "tainted": false
                    },
                    "deposed": [],
                    "provider": "provider.local"
                },
                "null_resource.ansible": {
                    "type": "null_resource",
                    "depends_on": [
                        "ibm_compute_vm_instance.ibmcloud_terraform"
                    ],
                    "primary": {
                        "id": "736164832902629913",
                        "attributes": {
                            "id": "736164832902629913"
                        },
                        "meta": {},
                        "tainted": false
                    },
                    "deposed": [],
                    "provider": "provider.null"
                }
            },
            "depends_on": []
        }
    ]
}
