{
    "version": 3,
    "terraform_version": "0.11.14",
    "serial": 2,
    "lineage": "58dfe13d-3efd-c848-b854-96d9841da2d7",
    "modules": [
        {
            "path": [
                "root"
            ],
            "outputs": {},
            "resources": {
                "data.ibm_compute_ssh_key.ssh_key": {
                    "type": "ibm_compute_ssh_key",
                    "depends_on": [],
                    "primary": {
                        "id": "1536988",
                        "attributes": {
                            "fingerprint": "bb:a0:17:d7:19:44:3c:89:7b:cd:b3:29:00:ad:c3:78",
                            "id": "1536988",
                            "label": "ryan_tycho_2019",
                            "most_recent": "false",
                            "notes": "Updated tycho key 8/27/2019",
                            "public_key": "ssh-rsa AAAAB3NzaC1yc2EAAAADAQABAAABAQDGps4bNYLE9NitCKsZuSEk7OUli7EBs/BvTHXgAKN6Ec9/BqVHBcbvhBRmGaRi5cvVYu5qo4zSegMlcAfqZ2mijI3vm9GQi+0RkvvIMWO5j2MmRaaTjjOAZRSvPvKNhOJ1O47OCYSr1hozW+7l4zVPUPw4rqugQETBb2nU2CXnY2naCll+T/JE+vkAswICSZl1PJwkUyxyGRIsey1m3VPSlYHVAhKAYDXpWgvI7QHE7m+dydroZNzgdBdQ93KgL3k/wU7OwJVy4WR1lOTcg4yN3Lsb1zUsUg8EgAwaW9ytl9OlVdId04yM1t4iTaBQ63aO/OKD+2fQWILPtJjasWap ryan@tycho.local"
                        },
                        "meta": {},
                        "tainted": false
                    },
                    "deposed": [],
                    "provider": "provider.ibm"
                },
                "data.template_file.httpd_play": {
                    "type": "template_file",
                    "depends_on": [
                        "ibm_compute_vm_instance.ibmcloud_terraform.*"
                    ],
                    "primary": {
                        "id": "dbc0b227a8ed225afaf81e84f331f3f2b2136af7565e934a086539417f8b50d1",
                        "attributes": {
                            "id": "dbc0b227a8ed225afaf81e84f331f3f2b2136af7565e934a086539417f8b50d1",
                            "rendered": "- hosts: ibmcloud.test0\r\n  tasks:\r\n  - name: install the latest version of Apache\r\n    yum:\r\n      name: httpd\r\n      state: latest\r\n\r\n  - name: \r\n    service:\r\n      name: httpd\r\n      state: started \r\n      \r\n  - name: install libselinux-python to enable ability to copy\r\n    yum:\r\n      name: libselinux-python\r\n      state: present  \r\n\r\n  - name: example copying file with owner and permissions\r\n    copy:\r\n      src: httpdfiles/index.html\r\n      dest: /var/www/html\r\n      owner: root\r\n      group: root\r\n      mode: 0644",
                            "template": "- hosts: ${vmHostname}\r\n  tasks:\r\n  - name: install the latest version of Apache\r\n    yum:\r\n      name: httpd\r\n      state: latest\r\n\r\n  - name: \r\n    service:\r\n      name: httpd\r\n      state: started \r\n      \r\n  - name: install libselinux-python to enable ability to copy\r\n    yum:\r\n      name: libselinux-python\r\n      state: present  \r\n\r\n  - name: example copying file with owner and permissions\r\n    copy:\r\n      src: httpdfiles/index.html\r\n      dest: /var/www/html\r\n      owner: root\r\n      group: root\r\n      mode: 0644",
                            "vars.%": "1",
                            "vars.vmHostname": "ibmcloud.test0"
                        },
                        "meta": {},
                        "tainted": false
                    },
                    "deposed": [],
                    "provider": "provider.template"
                },
                "data.template_file.vm_httpdServer": {
                    "type": "template_file",
                    "depends_on": [
                        "ibm_compute_vm_instance.ibmcloud_terraform.*"
                    ],
                    "primary": {
                        "id": "40ab60de40fac1416fbfa8acde385145b22a1eb0c3654fde3b34807985ea4aa6",
                        "attributes": {
                            "id": "40ab60de40fac1416fbfa8acde385145b22a1eb0c3654fde3b34807985ea4aa6",
                            "rendered": "[httpd-serv]\nibmcloud.test0  ansible_host=169.61.178.120 ansible_user=root\n",
                            "template": "[httpd-serv]\n${vmHostname}  ansible_host=${myip} ansible_user=root\n",
                            "vars.%": "2",
                            "vars.myip": "169.61.178.120",
                            "vars.vmHostname": "ibmcloud.test0"
                        },
                        "meta": {},
                        "tainted": false
                    },
                    "deposed": [],
                    "provider": "provider.template"
                },
                "ibm_compute_vm_instance.ibmcloud_terraform": {
                    "type": "ibm_compute_vm_instance",
                    "depends_on": [
                        "data.ibm_compute_ssh_key.ssh_key",
                        "ibm_network_vlan.httpd_vlan"
                    ],
                    "primary": {
                        "id": "89765278",
                        "attributes": {
                            "block_storage_ids.#": "0",
                            "cores": "2",
                            "datacenter": "dal12",
                            "dedicated_acct_host_only": "false",
                            "disks.#": "0",
                            "domain": "cdetest.com",
                            "file_storage_ids.#": "0",
                            "flavor_key_name": "B1_2X4X100",
                            "hostname": "ibmcloud.test0",
                            "hourly_billing": "true",
                            "id": "89765278",
                            "ip_address_id": "131423393",
                            "ip_address_id_private": "139963802",
                            "ipv4_address": "169.61.178.120",
                            "ipv4_address_private": "10.74.234.149",
                            "ipv6_enabled": "false",
                            "ipv6_static_enabled": "false",
                            "local_disk": "false",
                            "memory": "4096",
                            "network_speed": "1000",
                            "notes": "",
                            "os_reference_code": "CENTOS_6_64",
                            "private_interface_id": "57146556",
                            "private_network_only": "false",
                            "private_security_group_ids.#": "0",
                            "private_subnet": "10.74.234.128/26",
                            "private_subnet_id": "2234314",
                            "private_vlan_id": "2706742",
                            "public_bandwidth_unlimited": "false",
                            "public_interface_id": "57146554",
                            "public_security_group_ids.#": "0",
                            "public_subnet": "169.61.178.112/28",
                            "public_subnet_id": "2048539",
                            "public_vlan_id": "2603445",
                            "secondary_ip_addresses.#": "0",
                            "ssh_key_ids.#": "1",
                            "ssh_key_ids.1536988": "1536988",
                            "transient": "false",
                            "wait_time_minutes": "90"
                        },
                        "meta": {},
                        "tainted": false
                    },
                    "deposed": [],
                    "provider": "provider.ibm"
                },
                "ibm_network_vlan.httpd_vlan": {
                    "type": "ibm_network_vlan",
                    "depends_on": [],
                    "primary": {
                        "id": "2706742",
                        "attributes": {
                            "child_resource_count": "0",
                            "datacenter": "dal12",
                            "id": "2706742",
                            "name": "test-rt",
                            "router_hostname": "bcr02a.dal12",
                            "softlayer_managed": "false",
                            "subnets.#": "0",
                            "type": "PRIVATE",
                            "vlan_number": "2542"
                        },
                        "meta": {
                            "e2bfb730-ecaa-11e6-8f88-34363bc7c4c0": {
                                "delete": 600000000000
                            }
                        },
                        "tainted": false
                    },
                    "deposed": [],
                    "provider": "provider.ibm"
                },
                "local_file.httpd_play": {
                    "type": "local_file",
                    "depends_on": [
                        "data.template_file.httpd_play.*"
                    ],
                    "primary": {
                        "id": "655d50e5efb630c3128ddc5f241c221942cfad1a",
                        "attributes": {
                            "content": "- hosts: ibmcloud.test0\r\n  tasks:\r\n  - name: install the latest version of Apache\r\n    yum:\r\n      name: httpd\r\n      state: latest\r\n\r\n  - name: \r\n    service:\r\n      name: httpd\r\n      state: started \r\n      \r\n  - name: install libselinux-python to enable ability to copy\r\n    yum:\r\n      name: libselinux-python\r\n      state: present  \r\n\r\n  - name: example copying file with owner and permissions\r\n    copy:\r\n      src: httpdfiles/index.html\r\n      dest: /var/www/html\r\n      owner: root\r\n      group: root\r\n      mode: 0644\n",
                            "filename": "/Users/ryan/Desktop/ansible-httpd/Playbooks/ansiblebook0",
                            "id": "655d50e5efb630c3128ddc5f241c221942cfad1a"
                        },
                        "meta": {},
                        "tainted": false
                    },
                    "deposed": [],
                    "provider": "provider.local"
                },
                "local_file.vm_httpdServer": {
                    "type": "local_file",
                    "depends_on": [
                        "data.template_file.vm_httpdServer.*"
                    ],
                    "primary": {
                        "id": "73ec65ae1247ca62773a76f9782afbaf9c1db37f",
                        "attributes": {
                            "content": "[httpd-serv]\nibmcloud.test0  ansible_host=169.61.178.120 ansible_user=root\n\n",
                            "filename": "/Users/ryan/Desktop/ansible-httpd/Inventory/httpdServer0",
                            "id": "73ec65ae1247ca62773a76f9782afbaf9c1db37f"
                        },
                        "meta": {},
                        "tainted": false
                    },
                    "deposed": [],
                    "provider": "provider.local"
                },
                "null_resource.ansible": {
                    "type": "null_resource",
                    "depends_on": [
                        "ibm_compute_vm_instance.ibmcloud_terraform"
                    ],
                    "primary": {
                        "id": "4338800421463160104",
                        "attributes": {
                            "id": "4338800421463160104"
                        },
                        "meta": {},
                        "tainted": true
                    },
                    "deposed": [],
                    "provider": "provider.null"
                }
            },
            "depends_on": []
        }
    ]
}
